
Microsoft Visual Studio Solution File, Format Version 12.00
# Visual Studio 15
VisualStudioVersion = 15.0.27004.2005
MinimumVisualStudioVersion = 10.0.40219.1
Project("{FAE04EC0-301F-11D3-BF4B-00C04F79EFBC}") = "Tips Calculator", "Tips Calculator\Tips Calculator.csproj", "{F4497BB6-CF56-4E0D-8E20-6DFAE266F421}"
EndProject
Global
	GlobalSection(SolutionConfigurationPlatforms) = preSolution
		Debug|Any CPU = Debug|Any CPU
		Release|Any CPU = Release|Any CPU
	EndGlobalSection
	GlobalSection(ProjectConfigurationPlatforms) = postSolution
		{F4497BB6-CF56-4E0D-8E20-6DFAE266F421}.Debug|Any CPU.ActiveCfg = Debug|Any CPU
		{F4497BB6-CF56-4E0D-8E20-6DFAE266F421}.Debug|Any CPU.Build.0 = Debug|Any CPU
		{F4497BB6-CF56-4E0D-8E20-6DFAE266F421}.Release|Any CPU.ActiveCfg = Release|Any CPU
		{F4497BB6-CF56-4E0D-8E20-6DFAE266F421}.Release|Any CPU.Build.0 = Release|Any CPU
	EndGlobalSection
	GlobalSection(SolutionProperties) = preSolution
		HideSolutionNode = FALSE
	EndGlobalSection
	GlobalSection(ExtensibilityGlobals) = postSolution
		SolutionGuid = {E30CEF00-D84C-47C6-94BA-BEA73F69EFCB}
	EndGlobalSection
EndGlobal
